// !$*UTF8*$!
{
	archiveVersion = 1;
	classes = {
	};
	objectVersion = 46;
	objects = {

/* Begin PBXBuildFile section */
		855ACE311D5B4F56006E9F19 /* AppDelegate.swift in Sources */ = {isa = PBXBuildFile; fileRef = 855ACE301D5B4F56006E9F19 /* AppDelegate.swift */; };
		855ACE331D5B4F56006E9F19 /* ViewController.swift in Sources */ = {isa = PBXBuildFile; fileRef = 855ACE321D5B4F56006E9F19 /* ViewController.swift */; };
		855ACE361D5B4F56006E9F19 /* Main.storyboard in Resources */ = {isa = PBXBuildFile; fileRef = 855ACE341D5B4F56006E9F19 /* Main.storyboard */; };
		855ACE391D5B4F56006E9F19 /* SurfTracker.xcdatamodeld in Sources */ = {isa = PBXBuildFile; fileRef = 855ACE371D5B4F56006E9F19 /* SurfTracker.xcdatamodeld */; };
		855ACE3B1D5B4F56006E9F19 /* Assets.xcassets in Resources */ = {isa = PBXBuildFile; fileRef = 855ACE3A1D5B4F56006E9F19 /* Assets.xcassets */; };
		855ACE3E1D5B4F56006E9F19 /* LaunchScreen.storyboard in Resources */ = {isa = PBXBuildFile; fileRef = 855ACE3C1D5B4F56006E9F19 /* LaunchScreen.storyboard */; };
		855ACE491D5B4F56006E9F19 /* SurfTrackerTests.swift in Sources */ = {isa = PBXBuildFile; fileRef = 855ACE481D5B4F56006E9F19 /* SurfTrackerTests.swift */; };
		855ACE541D5B505E006E9F19 /* .gitignore in Resources */ = {isa = PBXBuildFile; fileRef = 855ACE531D5B505E006E9F19 /* .gitignore */; };
		8594E6271D98085600C9ED42 /* Session.swift in Sources */ = {isa = PBXBuildFile; fileRef = 8594E6261D98085600C9ED42 /* Session.swift */; };
		85C2E3981D70995900A27D46 /* RatingControl.swift in Sources */ = {isa = PBXBuildFile; fileRef = 85C2E3971D70995900A27D46 /* RatingControl.swift */; };
/* End PBXBuildFile section */

/* Begin PBXContainerItemProxy section */
		855ACE451D5B4F56006E9F19 /* PBXContainerItemProxy */ = {
			isa = PBXContainerItemProxy;
			containerPortal = 855ACE251D5B4F56006E9F19 /* Project object */;
			proxyType = 1;
			remoteGlobalIDString = 855ACE2C1D5B4F56006E9F19;
			remoteInfo = SurfTracker;
		};
/* End PBXContainerItemProxy section */

/* Begin PBXFileReference section */
		855ACE2D1D5B4F56006E9F19 /* SurfTracker.app */ = {isa = PBXFileReference; explicitFileType = wrapper.application; includeInIndex = 0; path = SurfTracker.app; sourceTree = BUILT_PRODUCTS_DIR; };
		855ACE301D5B4F56006E9F19 /* AppDelegate.swift */ = {isa = PBXFileReference; lastKnownFileType = sourcecode.swift; path = AppDelegate.swift; sourceTree = "<group>"; };
		855ACE321D5B4F56006E9F19 /* ViewController.swift */ = {isa = PBXFileReference; lastKnownFileType = sourcecode.swift; path = ViewController.swift; sourceTree = "<group>"; };
		855ACE351D5B4F56006E9F19 /* Base */ = {isa = PBXFileReference; lastKnownFileType = file.storyboard; name = Base; path = Base.lproj/Main.storyboard; sourceTree = "<group>"; };
		855ACE381D5B4F56006E9F19 /* SurfTracker.xcdatamodel */ = {isa = PBXFileReference; lastKnownFileType = wrapper.xcdatamodel; path = SurfTracker.xcdatamodel; sourceTree = "<group>"; };
		855ACE3A1D5B4F56006E9F19 /* Assets.xcassets */ = {isa = PBXFileReference; lastKnownFileType = folder.assetcatalog; path = Assets.xcassets; sourceTree = "<group>"; };
		855ACE3D1D5B4F56006E9F19 /* Base */ = {isa = PBXFileReference; lastKnownFileType = file.storyboard; name = Base; path = Base.lproj/LaunchScreen.storyboard; sourceTree = "<group>"; };
		855ACE3F1D5B4F56006E9F19 /* Info.plist */ = {isa = PBXFileReference; lastKnownFileType = text.plist.xml; path = Info.plist; sourceTree = "<group>"; };
		855ACE441D5B4F56006E9F19 /* SurfTrackerTests.xctest */ = {isa = PBXFileReference; explicitFileType = wrapper.cfbundle; includeInIndex = 0; path = SurfTrackerTests.xctest; sourceTree = BUILT_PRODUCTS_DIR; };
		855ACE481D5B4F56006E9F19 /* SurfTrackerTests.swift */ = {isa = PBXFileReference; lastKnownFileType = sourcecode.swift; path = SurfTrackerTests.swift; sourceTree = "<group>"; };
		855ACE4A1D5B4F56006E9F19 /* Info.plist */ = {isa = PBXFileReference; lastKnownFileType = text.plist.xml; path = Info.plist; sourceTree = "<group>"; };
		855ACE531D5B505E006E9F19 /* .gitignore */ = {isa = PBXFileReference; fileEncoding = 4; lastKnownFileType = text; path = .gitignore; sourceTree = "<group>"; };
		8594E6261D98085600C9ED42 /* Session.swift */ = {isa = PBXFileReference; fileEncoding = 4; lastKnownFileType = sourcecode.swift; path = Session.swift; sourceTree = "<group>"; };
		85C2E3971D70995900A27D46 /* RatingControl.swift */ = {isa = PBXFileReference; fileEncoding = 4; lastKnownFileType = sourcecode.swift; path = RatingControl.swift; sourceTree = "<group>"; };
/* End PBXFileReference section */

/* Begin PBXFrameworksBuildPhase section */
		855ACE2A1D5B4F56006E9F19 /* Frameworks */ = {
			isa = PBXFrameworksBuildPhase;
			buildActionMask = 2147483647;
			files = (
			);
			runOnlyForDeploymentPostprocessing = 0;
		};
		855ACE411D5B4F56006E9F19 /* Frameworks */ = {
			isa = PBXFrameworksBuildPhase;
			buildActionMask = 2147483647;
			files = (
			);
			runOnlyForDeploymentPostprocessing = 0;
		};
/* End PBXFrameworksBuildPhase section */

/* Begin PBXGroup section */
		855ACE241D5B4F56006E9F19 = {
			isa = PBXGroup;
			children = (
				855ACE531D5B505E006E9F19 /* .gitignore */,
				855ACE2F1D5B4F56006E9F19 /* SurfTracker */,
				855ACE471D5B4F56006E9F19 /* SurfTrackerTests */,
				855ACE2E1D5B4F56006E9F19 /* Products */,
			);
			sourceTree = "<group>";
		};
		855ACE2E1D5B4F56006E9F19 /* Products */ = {
			isa = PBXGroup;
			children = (
				855ACE2D1D5B4F56006E9F19 /* SurfTracker.app */,
				855ACE441D5B4F56006E9F19 /* SurfTrackerTests.xctest */,
			);
			name = Products;
			sourceTree = "<group>";
		};
		855ACE2F1D5B4F56006E9F19 /* SurfTracker */ = {
			isa = PBXGroup;
			children = (
				855ACE301D5B4F56006E9F19 /* AppDelegate.swift */,
				855ACE321D5B4F56006E9F19 /* ViewController.swift */,
				855ACE341D5B4F56006E9F19 /* Main.storyboard */,
				8594E6261D98085600C9ED42 /* Session.swift */,
				85C2E3971D70995900A27D46 /* RatingControl.swift */,
				855ACE3A1D5B4F56006E9F19 /* Assets.xcassets */,
				855ACE3C1D5B4F56006E9F19 /* LaunchScreen.storyboard */,
				855ACE3F1D5B4F56006E9F19 /* Info.plist */,
				855ACE371D5B4F56006E9F19 /* SurfTracker.xcdatamodeld */,
			);
			path = SurfTracker;
			sourceTree = "<group>";
		};
		855ACE471D5B4F56006E9F19 /* SurfTrackerTests */ = {
			isa = PBXGroup;
			children = (
				855ACE481D5B4F56006E9F19 /* SurfTrackerTests.swift */,
				855ACE4A1D5B4F56006E9F19 /* Info.plist */,
			);
			path = SurfTrackerTests;
			sourceTree = "<group>";
		};
/* End PBXGroup section */

/* Begin PBXNativeTarget section */
		855ACE2C1D5B4F56006E9F19 /* SurfTracker */ = {
			isa = PBXNativeTarget;
			buildConfigurationList = 855ACE4D1D5B4F56006E9F19 /* Build configuration list for PBXNativeTarget "SurfTracker" */;
			buildPhases = (
				855ACE291D5B4F56006E9F19 /* Sources */,
				855ACE2A1D5B4F56006E9F19 /* Frameworks */,
				855ACE2B1D5B4F56006E9F19 /* Resources */,
			);
			buildRules = (
			);
			dependencies = (
			);
			name = SurfTracker;
			productName = SurfTracker;
			productReference = 855ACE2D1D5B4F56006E9F19 /* SurfTracker.app */;
			productType = "com.apple.product-type.application";
		};
		855ACE431D5B4F56006E9F19 /* SurfTrackerTests */ = {
			isa = PBXNativeTarget;
			buildConfigurationList = 855ACE501D5B4F56006E9F19 /* Build configuration list for PBXNativeTarget "SurfTrackerTests" */;
			buildPhases = (
				855ACE401D5B4F56006E9F19 /* Sources */,
				855ACE411D5B4F56006E9F19 /* Frameworks */,
				855ACE421D5B4F56006E9F19 /* Resources */,
			);
			buildRules = (
			);
			dependencies = (
				855ACE461D5B4F56006E9F19 /* PBXTargetDependency */,
			);
			name = SurfTrackerTests;
			productName = SurfTrackerTests;
			productReference = 855ACE441D5B4F56006E9F19 /* SurfTrackerTests.xctest */;
			productType = "com.apple.product-type.bundle.unit-test";
		};
/* End PBXNativeTarget section */

/* Begin PBXProject section */
		855ACE251D5B4F56006E9F19 /* Project object */ = {
			isa = PBXProject;
			attributes = {
				LastSwiftUpdateCheck = 0730;
				LastUpgradeCheck = 0800;
				ORGANIZATIONNAME = "Cian Brassil";
				TargetAttributes = {
					855ACE2C1D5B4F56006E9F19 = {
						CreatedOnToolsVersion = 7.3.1;
						DevelopmentTeam = RX323D9VYA;
						LastSwiftMigration = 0800;
					};
					855ACE431D5B4F56006E9F19 = {
						CreatedOnToolsVersion = 7.3.1;
						DevelopmentTeam = RX323D9VYA;
						LastSwiftMigration = 0800;
						TestTargetID = 855ACE2C1D5B4F56006E9F19;
					};
				};
			};
			buildConfigurationList = 855ACE281D5B4F56006E9F19 /* Build configuration list for PBXProject "SurfTracker" */;
			compatibilityVersion = "Xcode 3.2";
			developmentRegion = English;
			hasScannedForEncodings = 0;
			knownRegions = (
				en,
				Base,
			);
			mainGroup = 855ACE241D5B4F56006E9F19;
			productRefGroup = 855ACE2E1D5B4F56006E9F19 /* Products */;
			projectDirPath = "";
			projectRoot = "";
			targets = (
				855ACE2C1D5B4F56006E9F19 /* SurfTracker */,
				855ACE431D5B4F56006E9F19 /* SurfTrackerTests */,
			);
		};
/* End PBXProject section */

/* Begin PBXResourcesBuildPhase section */
		855ACE2B1D5B4F56006E9F19 /* Resources */ = {
			isa = PBXResourcesBuildPhase;
			buildActionMask = 2147483647;
			files = (
				855ACE541D5B505E006E9F19 /* .gitignore in Resources */,
				855ACE3E1D5B4F56006E9F19 /* LaunchScreen.storyboard in Resources */,
				855ACE3B1D5B4F56006E9F19 /* Assets.xcassets in Resources */,
				855ACE361D5B4F56006E9F19 /* Main.storyboard in Resources */,
			);
			runOnlyForDeploymentPostprocessing = 0;
		};
		855ACE421D5B4F56006E9F19 /* Resources */ = {
			isa = PBXResourcesBuildPhase;
			buildActionMask = 2147483647;
			files = (
			);
			runOnlyForDeploymentPostprocessing = 0;
		};
/* End PBXResourcesBuildPhase section */

/* Begin PBXSourcesBuildPhase section */
		855ACE291D5B4F56006E9F19 /* Sources */ = {
			isa = PBXSourcesBuildPhase;
			buildActionMask = 2147483647;
			files = (
				8594E6271D98085600C9ED42 /* Session.swift in Sources */,
				85C2E3981D70995900A27D46 /* RatingControl.swift in Sources */,
				855ACE331D5B4F56006E9F19 /* ViewController.swift in Sources */,
				855ACE391D5B4F56006E9F19 /* SurfTracker.xcdatamodeld in Sources */,
				855ACE311D5B4F56006E9F19 /* AppDelegate.swift in Sources */,
			);
			runOnlyForDeploymentPostprocessing = 0;
		};
		855ACE401D5B4F56006E9F19 /* Sources */ = {
			isa = PBXSourcesBuildPhase;
			buildActionMask = 2147483647;
			files = (
				855ACE491D5B4F56006E9F19 /* SurfTrackerTests.swift in Sources */,
			);
			runOnlyForDeploymentPostprocessing = 0;
		};
/* End PBXSourcesBuildPhase section */

/* Begin PBXTargetDependency section */
		855ACE461D5B4F56006E9F19 /* PBXTargetDependency */ = {
			isa = PBXTargetDependency;
			target = 855ACE2C1D5B4F56006E9F19 /* SurfTracker */;
			targetProxy = 855ACE451D5B4F56006E9F19 /* PBXContainerItemProxy */;
		};
/* End PBXTargetDependency section */

/* Begin PBXVariantGroup section */
		855ACE341D5B4F56006E9F19 /* Main.storyboard */ = {
			isa = PBXVariantGroup;
			children = (
				855ACE351D5B4F56006E9F19 /* Base */,
			);
			name = Main.storyboard;
			sourceTree = "<group>";
		};
		855ACE3C1D5B4F56006E9F19 /* LaunchScreen.storyboard */ = {
			isa = PBXVariantGroup;
			children = (
				855ACE3D1D5B4F56006E9F19 /* Base */,
			);
			name = LaunchScreen.storyboard;
			sourceTree = "<group>";
		};
/* End PBXVariantGroup section */

/* Begin XCBuildConfiguration section */
		855ACE4B1D5B4F56006E9F19 /* Debug */ = {
			isa = XCBuildConfiguration;
			buildSettings = {
				ALWAYS_SEARCH_USER_PATHS = NO;
				CLANG_ANALYZER_NONNULL = YES;
				CLANG_CXX_LANGUAGE_STANDARD = "gnu++0x";
				CLANG_CXX_LIBRARY = "libc++";
				CLANG_ENABLE_MODULES = YES;
				CLANG_ENABLE_OBJC_ARC = YES;
				CLANG_WARN_BOOL_CONVERSION = YES;
				CLANG_WARN_CONSTANT_CONVERSION = YES;
				CLANG_WARN_DIRECT_OBJC_ISA_USAGE = YES_ERROR;
				CLANG_WARN_EMPTY_BODY = YES;
				CLANG_WARN_ENUM_CONVERSION = YES;
				CLANG_WARN_INFINITE_RECURSION = YES;
				CLANG_WARN_INT_CONVERSION = YES;
				CLANG_WARN_OBJC_ROOT_CLASS = YES_ERROR;
				CLANG_WARN_SUSPICIOUS_MOVE = YES;
				CLANG_WARN_UNREACHABLE_CODE = YES;
				CLANG_WARN__DUPLICATE_METHOD_MATCH = YES;
				"CODE_SIGN_IDENTITY[sdk=iphoneos*]" = "iPhone Developer";
				COPY_PHASE_STRIP = NO;
				DEBUG_INFORMATION_FORMAT = dwarf;
				ENABLE_STRICT_OBJC_MSGSEND = YES;
				ENABLE_TESTABILITY = YES;
				GCC_C_LANGUAGE_STANDARD = gnu99;
				GCC_DYNAMIC_NO_PIC = NO;
				GCC_NO_COMMON_BLOCKS = YES;
				GCC_OPTIMIZATION_LEVEL = 0;
				GCC_PREPROCESSOR_DEFINITIONS = (
					"DEBUG=1",
					"$(inherited)",
				);
				GCC_WARN_64_TO_32_BIT_CONVERSION = YES;
				GCC_WARN_ABOUT_RETURN_TYPE = YES_ERROR;
				GCC_WARN_UNDECLARED_SELECTOR = YES;
				GCC_WARN_UNINITIALIZED_AUTOS = YES_AGGRESSIVE;
				GCC_WARN_UNUSED_FUNCTION = YES;
				GCC_WARN_UNUSED_VARIABLE = YES;
				IPHONEOS_DEPLOYMENT_TARGET = 9.3;
				MTL_ENABLE_DEBUG_INFO = YES;
				ONLY_ACTIVE_ARCH = YES;
				SDKROOT = iphoneos;
				SWIFT_OPTIMIZATION_LEVEL = "-Onone";
				TARGETED_DEVICE_FAMILY = "1,2";
			};
			name = Debug;
		};
		855ACE4C1D5B4F56006E9F19 /* Release */ = {
			isa = XCBuildConfiguration;
			buildSettings = {
				ALWAYS_SEARCH_USER_PATHS = NO;
				CLANG_ANALYZER_NONNULL = YES;
				CLANG_CXX_LANGUAGE_STANDARD = "gnu++0x";
				CLANG_CXX_LIBRARY = "libc++";
				CLANG_ENABLE_MODULES = YES;
				CLANG_ENABLE_OBJC_ARC = YES;
				CLANG_WARN_BOOL_CONVERSION = YES;
				CLANG_WARN_CONSTANT_CONVERSION = YES;
				CLANG_WARN_DIRECT_OBJC_ISA_USAGE = YES_ERROR;
				CLANG_WARN_EMPTY_BODY = YES;
				CLANG_WARN_ENUM_CONVERSION = YES;
				CLANG_WARN_INFINITE_RECURSION = YES;
				CLANG_WARN_INT_CONVERSION = YES;
				CLANG_WARN_OBJC_ROOT_CLASS = YES_ERROR;
				CLANG_WARN_SUSPICIOUS_MOVE = YES;
				CLANG_WARN_UNREACHABLE_CODE = YES;
				CLANG_WARN__DUPLICATE_METHOD_MATCH = YES;
				"CODE_SIGN_IDENTITY[sdk=iphoneos*]" = "iPhone Developer";
				COPY_PHASE_STRIP = NO;
				DEBUG_INFORMATION_FORMAT = "dwarf-with-dsym";
				ENABLE_NS_ASSERTIONS = NO;
				ENABLE_STRICT_OBJC_MSGSEND = YES;
				GCC_C_LANGUAGE_STANDARD = gnu99;
				GCC_NO_COMMON_BLOCKS = YES;
				GCC_WARN_64_TO_32_BIT_CONVERSION = YES;
				GCC_WARN_ABOUT_RETURN_TYPE = YES_ERROR;
				GCC_WARN_UNDECLARED_SELECTOR = YES;
				GCC_WARN_UNINITIALIZED_AUTOS = YES_AGGRESSIVE;
				GCC_WARN_UNUSED_FUNCTION = YES;
				GCC_WARN_UNUSED_VARIABLE = YES;
				IPHONEOS_DEPLOYMENT_TARGET = 9.3;
				MTL_ENABLE_DEBUG_INFO = NO;
				SDKROOT = iphoneos;
				SWIFT_OPTIMIZATION_LEVEL = "-Owholemodule";
				TARGETED_DEVICE_FAMILY = "1,2";
				VALIDATE_PRODUCT = YES;
			};
			name = Release;
		};
		855ACE4E1D5B4F56006E9F19 /* Debug */ = {
			isa = XCBuildConfiguration;
			buildSettings = {
				ASSETCATALOG_COMPILER_APPICON_NAME = AppIcon;
				INFOPLIST_FILE = SurfTracker/Info.plist;
				LD_RUNPATH_SEARCH_PATHS = "$(inherited) @executable_path/Frameworks";
				PRODUCT_BUNDLE_IDENTIFIER = net.brassil.SurfTracker;
				PRODUCT_NAME = "$(TARGET_NAME)";
				SWIFT_VERSION = 3.0;
			};
			name = Debug;
		};
		855ACE4F1D5B4F56006E9F19 /* Release */ = {
			isa = XCBuildConfiguration;
			buildSettings = {
				ASSETCATALOG_COMPILER_APPICON_NAME = AppIcon;
				INFOPLIST_FILE = SurfTracker/Info.plist;
				LD_RUNPATH_SEARCH_PATHS = "$(inherited) @executable_path/Frameworks";
				PRODUCT_BUNDLE_IDENTIFIER = net.brassil.SurfTracker;
				PRODUCT_NAME = "$(TARGET_NAME)";
				SWIFT_VERSION = 3.0;
			};
			name = Release;
		};
		855ACE511D5B4F56006E9F19 /* Debug */ = {
			isa = XCBuildConfiguration;
			buildSettings = {
				BUNDLE_LOADER = "$(TEST_HOST)";
				INFOPLIST_FILE = SurfTrackerTests/Info.plist;
				LD_RUNPATH_SEARCH_PATHS = "$(inherited) @executable_path/Frameworks @loader_path/Frameworks";
				PRODUCT_BUNDLE_IDENTIFIER = net.brassil.SurfTrackerTests;
				PRODUCT_NAME = "$(TARGET_NAME)";
				SWIFT_VERSION = 3.0;
				TEST_HOST = "$(BUILT_PRODUCTS_DIR)/SurfTracker.app/SurfTracker";
			};
			name = Debug;
		};
		855ACE521D5B4F56006E9F19 /* Release */ = {
			isa = XCBuildConfiguration;
			buildSettings = {
				BUNDLE_LOADER = "$(TEST_HOST)";
				INFOPLIST_FILE = SurfTrackerTests/Info.plist;
				LD_RUNPATH_SEARCH_PATHS = "$(inherited) @executable_path/Frameworks @loader_path/Frameworks";
				PRODUCT_BUNDLE_IDENTIFIER = net.brassil.SurfTrackerTests;
				PRODUCT_NAME = "$(TARGET_NAME)";
				SWIFT_VERSION = 3.0;
				TEST_HOST = "$(BUILT_PRODUCTS_DIR)/SurfTracker.app/SurfTracker";
			};
			name = Release;
		};
/* End XCBuildConfiguration section */

/* Begin XCConfigurationList section */
		855ACE281D5B4F56006E9F19 /* Build configuration list for PBXProject "SurfTracker" */ = {
			isa = XCConfigurationList;
			buildConfigurations = (
				855ACE4B1D5B4F56006E9F19 /* Debug */,
				855ACE4C1D5B4F56006E9F19 /* Release */,
			);
			defaultConfigurationIsVisible = 0;
			defaultConfigurationName = Release;
		};
		855ACE4D1D5B4F56006E9F19 /* Build configuration list for PBXNativeTarget "SurfTracker" */ = {
			isa = XCConfigurationList;
			buildConfigurations = (
				855ACE4E1D5B4F56006E9F19 /* Debug */,
				855ACE4F1D5B4F56006E9F19 /* Release */,
			);
			defaultConfigurationIsVisible = 0;
			defaultConfigurationName = Release;
		};
		855ACE501D5B4F56006E9F19 /* Build configuration list for PBXNativeTarget "SurfTrackerTests" */ = {
			isa = XCConfigurationList;
			buildConfigurations = (
				855ACE511D5B4F56006E9F19 /* Debug */,
				855ACE521D5B4F56006E9F19 /* Release */,
			);
			defaultConfigurationIsVisible = 0;
			defaultConfigurationName = Release;
		};
/* End XCConfigurationList section */

/* Begin XCVersionGroup section */
		855ACE371D5B4F56006E9F19 /* SurfTracker.xcdatamodeld */ = {
			isa = XCVersionGroup;
			children = (
				855ACE381D5B4F56006E9F19 /* SurfTracker.xcdatamodel */,
			);
			currentVersion = 855ACE381D5B4F56006E9F19 /* SurfTracker.xcdatamodel */;
			path = SurfTracker.xcdatamodeld;
			sourceTree = "<group>";
			versionGroupType = wrapper.xcdatamodel;
		};
/* End XCVersionGroup section */
	};
	rootObject = 855ACE251D5B4F56006E9F19 /* Project object */;
}
