// !$*UTF8*$!
{
	archiveVersion = 1;
	classes = {
	};
	objectVersion = 46;
	objects = {

/* Begin PBXBuildFile section */
		855ACE311D5B4F56006E9F19 /* AppDelegate.swift in Sources */ = {isa = PBXBuildFile; fileRef = 855ACE301D5B4F56006E9F19 /* AppDelegate.swift */; };
		855ACE331D5B4F56006E9F19 /* SessionViewController.swift in Sources */ = {isa = PBXBuildFile; fileRef = 855ACE321D5B4F56006E9F19 /* SessionViewController.swift */; };
		855ACE361D5B4F56006E9F19 /* Main.storyboard in Resources */ = {isa = PBXBuildFile; fileRef = 855ACE341D5B4F56006E9F19 /* Main.storyboard */; };
		855ACE391D5B4F56006E9F19 /* SurfTracker.xcdatamodeld in Sources */ = {isa = PBXBuildFile; fileRef = 855ACE371D5B4F56006E9F19 /* SurfTracker.xcdatamodeld */; };
		855ACE3B1D5B4F56006E9F19 /* Assets.xcassets in Resources */ = {isa = PBXBuildFile; fileRef = 855ACE3A1D5B4F56006E9F19 /* Assets.xcassets */; };
		855ACE3E1D5B4F56006E9F19 /* LaunchScreen.storyboard in Resources */ = {isa = PBXBuildFile; fileRef = 855ACE3C1D5B4F56006E9F19 /* LaunchScreen.storyboard */; };
		855ACE491D5B4F56006E9F19 /* SurfTrackerTests.swift in Sources */ = {isa = PBXBuildFile; fileRef = 855ACE481D5B4F56006E9F19 /* SurfTrackerTests.swift */; };
		855ACE541D5B505E006E9F19 /* .gitignore in Resources */ = {isa = PBXBuildFile; fileRef = 855ACE531D5B505E006E9F19 /* .gitignore */; };
		8593B9FD1ED448820040DE37 /* Podfile in Resources */ = {isa = PBXBuildFile; fileRef = 8593B9FC1ED448820040DE37 /* Podfile */; };
		8594E6271D98085600C9ED42 /* Session.swift in Sources */ = {isa = PBXBuildFile; fileRef = 8594E6261D98085600C9ED42 /* Session.swift */; };
		8594E6291D980FE300C9ED42 /* SessionTableViewCell.swift in Sources */ = {isa = PBXBuildFile; fileRef = 8594E6281D980FE300C9ED42 /* SessionTableViewCell.swift */; };
		8594E62B1D98462700C9ED42 /* SessionTableViewController.swift in Sources */ = {isa = PBXBuildFile; fileRef = 8594E62A1D98462700C9ED42 /* SessionTableViewController.swift */; };
		85B343B01E9CE78F0002FC58 /* SpotViewController.swift in Sources */ = {isa = PBXBuildFile; fileRef = 85B343AF1E9CE78F0002FC58 /* SpotViewController.swift */; };
		85B7773D1E3F20D80063C3D4 /* Spot.swift in Sources */ = {isa = PBXBuildFile; fileRef = 85B7773C1E3F20D80063C3D4 /* Spot.swift */; };
		85B7773F1E40756C0063C3D4 /* SpotTableViewCell.swift in Sources */ = {isa = PBXBuildFile; fileRef = 85B7773E1E40756C0063C3D4 /* SpotTableViewCell.swift */; };
		85C2E3981D70995900A27D46 /* RatingControl.swift in Sources */ = {isa = PBXBuildFile; fileRef = 85C2E3971D70995900A27D46 /* RatingControl.swift */; };
		85E4BB711E47282F0019997A /* SpotTableViewController.swift in Sources */ = {isa = PBXBuildFile; fileRef = 85E4BB701E47282F0019997A /* SpotTableViewController.swift */; };
		B971AA51956141CEFE456754 /* Pods_SurfTrackerTests.framework in Frameworks */ = {isa = PBXBuildFile; fileRef = 7FA6E27C0C9A4EEC2C21C45C /* Pods_SurfTrackerTests.framework */; };
		C5203A685D7B84D618C2B65F /* Pods_SurfTracker.framework in Frameworks */ = {isa = PBXBuildFile; fileRef = 1E6E5AD069703D2EC3E375AD /* Pods_SurfTracker.framework */; };
/* End PBXBuildFile section */

/* Begin PBXContainerItemProxy section */
		855ACE451D5B4F56006E9F19 /* PBXContainerItemProxy */ = {
			isa = PBXContainerItemProxy;
			containerPortal = 855ACE251D5B4F56006E9F19 /* Project object */;
			proxyType = 1;
			remoteGlobalIDString = 855ACE2C1D5B4F56006E9F19;
			remoteInfo = SurfTracker;
		};
/* End PBXContainerItemProxy section */

/* Begin PBXFileReference section */
		1E6E5AD069703D2EC3E375AD /* Pods_SurfTracker.framework */ = {isa = PBXFileReference; explicitFileType = wrapper.framework; includeInIndex = 0; path = Pods_SurfTracker.framework; sourceTree = BUILT_PRODUCTS_DIR; };
		44C4C054F6A78023B7B90361 /* Pods-SurfTracker.release.xcconfig */ = {isa = PBXFileReference; includeInIndex = 1; lastKnownFileType = text.xcconfig; name = "Pods-SurfTracker.release.xcconfig"; path = "Pods/Target Support Files/Pods-SurfTracker/Pods-SurfTracker.release.xcconfig"; sourceTree = "<group>"; };
		7FA6E27C0C9A4EEC2C21C45C /* Pods_SurfTrackerTests.framework */ = {isa = PBXFileReference; explicitFileType = wrapper.framework; includeInIndex = 0; path = Pods_SurfTrackerTests.framework; sourceTree = BUILT_PRODUCTS_DIR; };
		855ACE2D1D5B4F56006E9F19 /* SurfTracker.app */ = {isa = PBXFileReference; explicitFileType = wrapper.application; includeInIndex = 0; path = SurfTracker.app; sourceTree = BUILT_PRODUCTS_DIR; };
		855ACE301D5B4F56006E9F19 /* AppDelegate.swift */ = {isa = PBXFileReference; lastKnownFileType = sourcecode.swift; path = AppDelegate.swift; sourceTree = "<group>"; };
		855ACE321D5B4F56006E9F19 /* SessionViewController.swift */ = {isa = PBXFileReference; lastKnownFileType = sourcecode.swift; path = SessionViewController.swift; sourceTree = "<group>"; };
		855ACE351D5B4F56006E9F19 /* Base */ = {isa = PBXFileReference; lastKnownFileType = file.storyboard; name = Base; path = Base.lproj/Main.storyboard; sourceTree = "<group>"; };
		855ACE381D5B4F56006E9F19 /* SurfTracker.xcdatamodel */ = {isa = PBXFileReference; lastKnownFileType = wrapper.xcdatamodel; path = SurfTracker.xcdatamodel; sourceTree = "<group>"; };
		855ACE3A1D5B4F56006E9F19 /* Assets.xcassets */ = {isa = PBXFileReference; lastKnownFileType = folder.assetcatalog; path = Assets.xcassets; sourceTree = "<group>"; };
		855ACE3D1D5B4F56006E9F19 /* Base */ = {isa = PBXFileReference; lastKnownFileType = file.storyboard; name = Base; path = Base.lproj/LaunchScreen.storyboard; sourceTree = "<group>"; };
		855ACE3F1D5B4F56006E9F19 /* Info.plist */ = {isa = PBXFileReference; lastKnownFileType = text.plist.xml; path = Info.plist; sourceTree = "<group>"; };
		855ACE441D5B4F56006E9F19 /* SurfTrackerTests.xctest */ = {isa = PBXFileReference; explicitFileType = wrapper.cfbundle; includeInIndex = 0; path = SurfTrackerTests.xctest; sourceTree = BUILT_PRODUCTS_DIR; };
		855ACE481D5B4F56006E9F19 /* SurfTrackerTests.swift */ = {isa = PBXFileReference; lastKnownFileType = sourcecode.swift; path = SurfTrackerTests.swift; sourceTree = "<group>"; };
		855ACE4A1D5B4F56006E9F19 /* Info.plist */ = {isa = PBXFileReference; lastKnownFileType = text.plist.xml; path = Info.plist; sourceTree = "<group>"; };
		855ACE531D5B505E006E9F19 /* .gitignore */ = {isa = PBXFileReference; fileEncoding = 4; lastKnownFileType = text; path = .gitignore; sourceTree = "<group>"; };
		8593B9FC1ED448820040DE37 /* Podfile */ = {isa = PBXFileReference; fileEncoding = 4; lastKnownFileType = text; path = Podfile; sourceTree = "<group>"; xcLanguageSpecificationIdentifier = xcode.lang.ruby; };
		8594E6261D98085600C9ED42 /* Session.swift */ = {isa = PBXFileReference; fileEncoding = 4; lastKnownFileType = sourcecode.swift; path = Session.swift; sourceTree = "<group>"; };
		8594E6281D980FE300C9ED42 /* SessionTableViewCell.swift */ = {isa = PBXFileReference; fileEncoding = 4; lastKnownFileType = sourcecode.swift; path = SessionTableViewCell.swift; sourceTree = "<group>"; };
		8594E62A1D98462700C9ED42 /* SessionTableViewController.swift */ = {isa = PBXFileReference; fileEncoding = 4; lastKnownFileType = sourcecode.swift; path = SessionTableViewController.swift; sourceTree = "<group>"; };
		85B343AF1E9CE78F0002FC58 /* SpotViewController.swift */ = {isa = PBXFileReference; fileEncoding = 4; lastKnownFileType = sourcecode.swift; path = SpotViewController.swift; sourceTree = "<group>"; };
		85B7773C1E3F20D80063C3D4 /* Spot.swift */ = {isa = PBXFileReference; fileEncoding = 4; lastKnownFileType = sourcecode.swift; path = Spot.swift; sourceTree = "<group>"; };
		85B7773E1E40756C0063C3D4 /* SpotTableViewCell.swift */ = {isa = PBXFileReference; fileEncoding = 4; lastKnownFileType = sourcecode.swift; path = SpotTableViewCell.swift; sourceTree = "<group>"; };
		85C2E3971D70995900A27D46 /* RatingControl.swift */ = {isa = PBXFileReference; fileEncoding = 4; lastKnownFileType = sourcecode.swift; path = RatingControl.swift; sourceTree = "<group>"; };
		85E4BB701E47282F0019997A /* SpotTableViewController.swift */ = {isa = PBXFileReference; fileEncoding = 4; lastKnownFileType = sourcecode.swift; path = SpotTableViewController.swift; sourceTree = "<group>"; };
		8DE60190242E6B9FF1B6510C /* Pods-SurfTrackerTests.debug.xcconfig */ = {isa = PBXFileReference; includeInIndex = 1; lastKnownFileType = text.xcconfig; name = "Pods-SurfTrackerTests.debug.xcconfig"; path = "Pods/Target Support Files/Pods-SurfTrackerTests/Pods-SurfTrackerTests.debug.xcconfig"; sourceTree = "<group>"; };
		CAD4AC04BAA34601CB36D620 /* Pods-SurfTracker.debug.xcconfig */ = {isa = PBXFileReference; includeInIndex = 1; lastKnownFileType = text.xcconfig; name = "Pods-SurfTracker.debug.xcconfig"; path = "Pods/Target Support Files/Pods-SurfTracker/Pods-SurfTracker.debug.xcconfig"; sourceTree = "<group>"; };
		E63EAC7F11C6107AFACC8CEC /* Pods-SurfTrackerTests.release.xcconfig */ = {isa = PBXFileReference; includeInIndex = 1; lastKnownFileType = text.xcconfig; name = "Pods-SurfTrackerTests.release.xcconfig"; path = "Pods/Target Support Files/Pods-SurfTrackerTests/Pods-SurfTrackerTests.release.xcconfig"; sourceTree = "<group>"; };
/* End PBXFileReference section */

/* Begin PBXFrameworksBuildPhase section */
		855ACE2A1D5B4F56006E9F19 /* Frameworks */ = {
			isa = PBXFrameworksBuildPhase;
			buildActionMask = 2147483647;
			files = (
				C5203A685D7B84D618C2B65F /* Pods_SurfTracker.framework in Frameworks */,
			);
			runOnlyForDeploymentPostprocessing = 0;
		};
		855ACE411D5B4F56006E9F19 /* Frameworks */ = {
			isa = PBXFrameworksBuildPhase;
			buildActionMask = 2147483647;
			files = (
				B971AA51956141CEFE456754 /* Pods_SurfTrackerTests.framework in Frameworks */,
			);
			runOnlyForDeploymentPostprocessing = 0;
		};
/* End PBXFrameworksBuildPhase section */

/* Begin PBXGroup section */
		6B056E074B259854CB54FF80 /* Pods */ = {
			isa = PBXGroup;
			children = (
				CAD4AC04BAA34601CB36D620 /* Pods-SurfTracker.debug.xcconfig */,
				44C4C054F6A78023B7B90361 /* Pods-SurfTracker.release.xcconfig */,
				8DE60190242E6B9FF1B6510C /* Pods-SurfTrackerTests.debug.xcconfig */,
				E63EAC7F11C6107AFACC8CEC /* Pods-SurfTrackerTests.release.xcconfig */,
			);
			name = Pods;
			sourceTree = "<group>";
		};
		7D699C1445CC886E290BB03B /* Frameworks */ = {
			isa = PBXGroup;
			children = (
				1E6E5AD069703D2EC3E375AD /* Pods_SurfTracker.framework */,
				7FA6E27C0C9A4EEC2C21C45C /* Pods_SurfTrackerTests.framework */,
			);
			name = Frameworks;
			sourceTree = "<group>";
		};
		855ACE241D5B4F56006E9F19 = {
			isa = PBXGroup;
			children = (
				8593B9FC1ED448820040DE37 /* Podfile */,
				855ACE531D5B505E006E9F19 /* .gitignore */,
				855ACE2F1D5B4F56006E9F19 /* SurfTracker */,
				855ACE471D5B4F56006E9F19 /* SurfTrackerTests */,
				855ACE2E1D5B4F56006E9F19 /* Products */,
				6B056E074B259854CB54FF80 /* Pods */,
				7D699C1445CC886E290BB03B /* Frameworks */,
			);
			sourceTree = "<group>";
		};
		855ACE2E1D5B4F56006E9F19 /* Products */ = {
			isa = PBXGroup;
			children = (
				855ACE2D1D5B4F56006E9F19 /* SurfTracker.app */,
				855ACE441D5B4F56006E9F19 /* SurfTrackerTests.xctest */,
			);
			name = Products;
			sourceTree = "<group>";
		};
		855ACE2F1D5B4F56006E9F19 /* SurfTracker */ = {
			isa = PBXGroup;
			children = (
				855ACE301D5B4F56006E9F19 /* AppDelegate.swift */,
				855ACE341D5B4F56006E9F19 /* Main.storyboard */,
				855ACE321D5B4F56006E9F19 /* SessionViewController.swift */,
				8594E62A1D98462700C9ED42 /* SessionTableViewController.swift */,
				8594E6281D980FE300C9ED42 /* SessionTableViewCell.swift */,
				85B343AF1E9CE78F0002FC58 /* SpotViewController.swift */,
				85E4BB701E47282F0019997A /* SpotTableViewController.swift */,
				85B7773E1E40756C0063C3D4 /* SpotTableViewCell.swift */,
				85B7773C1E3F20D80063C3D4 /* Spot.swift */,
				8594E6261D98085600C9ED42 /* Session.swift */,
				85C2E3971D70995900A27D46 /* RatingControl.swift */,
				855ACE3A1D5B4F56006E9F19 /* Assets.xcassets */,
				855ACE3C1D5B4F56006E9F19 /* LaunchScreen.storyboard */,
				855ACE3F1D5B4F56006E9F19 /* Info.plist */,
				855ACE371D5B4F56006E9F19 /* SurfTracker.xcdatamodeld */,
			);
			path = SurfTracker;
			sourceTree = "<group>";
		};
		855ACE471D5B4F56006E9F19 /* SurfTrackerTests */ = {
			isa = PBXGroup;
			children = (
				855ACE481D5B4F56006E9F19 /* SurfTrackerTests.swift */,
				855ACE4A1D5B4F56006E9F19 /* Info.plist */,
			);
			path = SurfTrackerTests;
			sourceTree = "<group>";
		};
/* End PBXGroup section */

/* Begin PBXNativeTarget section */
		855ACE2C1D5B4F56006E9F19 /* SurfTracker */ = {
			isa = PBXNativeTarget;
			buildConfigurationList = 855ACE4D1D5B4F56006E9F19 /* Build configuration list for PBXNativeTarget "SurfTracker" */;
			buildPhases = (
				2C1F74103F8A94DCC9F0F0F1 /* [CP] Check Pods Manifest.lock */,
				855ACE291D5B4F56006E9F19 /* Sources */,
				855ACE2A1D5B4F56006E9F19 /* Frameworks */,
				855ACE2B1D5B4F56006E9F19 /* Resources */,
				C1356DE8A9D5915F90817B61 /* [CP] Embed Pods Frameworks */,
				CBFE2F976C2F6FA888E7CAD9 /* [CP] Copy Pods Resources */,
			);
			buildRules = (
			);
			dependencies = (
			);
			name = SurfTracker;
			productName = SurfTracker;
			productReference = 855ACE2D1D5B4F56006E9F19 /* SurfTracker.app */;
			productType = "com.apple.product-type.application";
		};
		855ACE431D5B4F56006E9F19 /* SurfTrackerTests */ = {
			isa = PBXNativeTarget;
			buildConfigurationList = 855ACE501D5B4F56006E9F19 /* Build configuration list for PBXNativeTarget "SurfTrackerTests" */;
			buildPhases = (
				DB6E4DDAC319C396D570BD1A /* [CP] Check Pods Manifest.lock */,
				855ACE401D5B4F56006E9F19 /* Sources */,
				855ACE411D5B4F56006E9F19 /* Frameworks */,
				855ACE421D5B4F56006E9F19 /* Resources */,
				79D0F5DE57007636E844DA8E /* [CP] Embed Pods Frameworks */,
				B5F85474509EE05C0AD901D7 /* [CP] Copy Pods Resources */,
			);
			buildRules = (
			);
			dependencies = (
				855ACE461D5B4F56006E9F19 /* PBXTargetDependency */,
			);
			name = SurfTrackerTests;
			productName = SurfTrackerTests;
			productReference = 855ACE441D5B4F56006E9F19 /* SurfTrackerTests.xctest */;
			productType = "com.apple.product-type.bundle.unit-test";
		};
/* End PBXNativeTarget section */

/* Begin PBXProject section */
		855ACE251D5B4F56006E9F19 /* Project object */ = {
			isa = PBXProject;
			attributes = {
				LastSwiftUpdateCheck = 0730;
				LastUpgradeCheck = 0800;
				ORGANIZATIONNAME = "Cian Brassil";
				TargetAttributes = {
					855ACE2C1D5B4F56006E9F19 = {
						CreatedOnToolsVersion = 7.3.1;
						DevelopmentTeam = RX323D9VYA;
						LastSwiftMigration = 0800;
					};
					855ACE431D5B4F56006E9F19 = {
						CreatedOnToolsVersion = 7.3.1;
						DevelopmentTeam = RX323D9VYA;
						LastSwiftMigration = 0800;
						TestTargetID = 855ACE2C1D5B4F56006E9F19;
					};
				};
			};
			buildConfigurationList = 855ACE281D5B4F56006E9F19 /* Build configuration list for PBXProject "SurfTracker" */;
			compatibilityVersion = "Xcode 3.2";
			developmentRegion = English;
			hasScannedForEncodings = 0;
			knownRegions = (
				en,
				Base,
			);
			mainGroup = 855ACE241D5B4F56006E9F19;
			productRefGroup = 855ACE2E1D5B4F56006E9F19 /* Products */;
			projectDirPath = "";
			projectRoot = "";
			targets = (
				855ACE2C1D5B4F56006E9F19 /* SurfTracker */,
				855ACE431D5B4F56006E9F19 /* SurfTrackerTests */,
			);
		};
/* End PBXProject section */

/* Begin PBXResourcesBuildPhase section */
		855ACE2B1D5B4F56006E9F19 /* Resources */ = {
			isa = PBXResourcesBuildPhase;
			buildActionMask = 2147483647;
			files = (
				8593B9FD1ED448820040DE37 /* Podfile in Resources */,
				855ACE541D5B505E006E9F19 /* .gitignore in Resources */,
				855ACE3E1D5B4F56006E9F19 /* LaunchScreen.storyboard in Resources */,
				855ACE3B1D5B4F56006E9F19 /* Assets.xcassets in Resources */,
				855ACE361D5B4F56006E9F19 /* Main.storyboard in Resources */,
			);
			runOnlyForDeploymentPostprocessing = 0;
		};
		855ACE421D5B4F56006E9F19 /* Resources */ = {
			isa = PBXResourcesBuildPhase;
			buildActionMask = 2147483647;
			files = (
			);
			runOnlyForDeploymentPostprocessing = 0;
		};
/* End PBXResourcesBuildPhase section */

/* Begin PBXShellScriptBuildPhase section */
		2C1F74103F8A94DCC9F0F0F1 /* [CP] Check Pods Manifest.lock */ = {
			isa = PBXShellScriptBuildPhase;
			buildActionMask = 2147483647;
			files = (
			);
			inputPaths = (
			);
			name = "[CP] Check Pods Manifest.lock";
			outputPaths = (
			);
			runOnlyForDeploymentPostprocessing = 0;
			shellPath = /bin/sh;
			shellScript = "diff \"${PODS_PODFILE_DIR_PATH}/Podfile.lock\" \"${PODS_ROOT}/Manifest.lock\" > /dev/null\nif [ $? != 0 ] ; then\n    # print error to STDERR\n    echo \"error: The sandbox is not in sync with the Podfile.lock. Run 'pod install' or update your CocoaPods installation.\" >&2\n    exit 1\nfi\n";
			showEnvVarsInLog = 0;
		};
		79D0F5DE57007636E844DA8E /* [CP] Embed Pods Frameworks */ = {
			isa = PBXShellScriptBuildPhase;
			buildActionMask = 2147483647;
			files = (
			);
			inputPaths = (
			);
			name = "[CP] Embed Pods Frameworks";
			outputPaths = (
			);
			runOnlyForDeploymentPostprocessing = 0;
			shellPath = /bin/sh;
			shellScript = "\"${SRCROOT}/Pods/Target Support Files/Pods-SurfTrackerTests/Pods-SurfTrackerTests-frameworks.sh\"\n";
			showEnvVarsInLog = 0;
		};
		B5F85474509EE05C0AD901D7 /* [CP] Copy Pods Resources */ = {
			isa = PBXShellScriptBuildPhase;
			buildActionMask = 2147483647;
			files = (
			);
			inputPaths = (
			);
			name = "[CP] Copy Pods Resources";
			outputPaths = (
			);
			runOnlyForDeploymentPostprocessing = 0;
			shellPath = /bin/sh;
			shellScript = "\"${SRCROOT}/Pods/Target Support Files/Pods-SurfTrackerTests/Pods-SurfTrackerTests-resources.sh\"\n";
			showEnvVarsInLog = 0;
		};
		C1356DE8A9D5915F90817B61 /* [CP] Embed Pods Frameworks */ = {
			isa = PBXShellScriptBuildPhase;
			buildActionMask = 2147483647;
			files = (
			);
			inputPaths = (
			);
			name = "[CP] Embed Pods Frameworks";
			outputPaths = (
			);
			runOnlyForDeploymentPostprocessing = 0;
			shellPath = /bin/sh;
			shellScript = "\"${SRCROOT}/Pods/Target Support Files/Pods-SurfTracker/Pods-SurfTracker-frameworks.sh\"\n";
			showEnvVarsInLog = 0;
		};
		CBFE2F976C2F6FA888E7CAD9 /* [CP] Copy Pods Resources */ = {
			isa = PBXShellScriptBuildPhase;
			buildActionMask = 2147483647;
			files = (
			);
			inputPaths = (
			);
			name = "[CP] Copy Pods Resources";
			outputPaths = (
			);
			runOnlyForDeploymentPostprocessing = 0;
			shellPath = /bin/sh;
			shellScript = "\"${SRCROOT}/Pods/Target Support Files/Pods-SurfTracker/Pods-SurfTracker-resources.sh\"\n";
			showEnvVarsInLog = 0;
		};
		DB6E4DDAC319C396D570BD1A /* [CP] Check Pods Manifest.lock */ = {
			isa = PBXShellScriptBuildPhase;
			buildActionMask = 2147483647;
			files = (
			);
			inputPaths = (
			);
			name = "[CP] Check Pods Manifest.lock";
			outputPaths = (
			);
			runOnlyForDeploymentPostprocessing = 0;
			shellPath = /bin/sh;
			shellScript = "diff \"${PODS_PODFILE_DIR_PATH}/Podfile.lock\" \"${PODS_ROOT}/Manifest.lock\" > /dev/null\nif [ $? != 0 ] ; then\n    # print error to STDERR\n    echo \"error: The sandbox is not in sync with the Podfile.lock. Run 'pod install' or update your CocoaPods installation.\" >&2\n    exit 1\nfi\n";
			showEnvVarsInLog = 0;
		};
/* End PBXShellScriptBuildPhase section */

/* Begin PBXSourcesBuildPhase section */
		855ACE291D5B4F56006E9F19 /* Sources */ = {
			isa = PBXSourcesBuildPhase;
			buildActionMask = 2147483647;
			files = (
				85B343B01E9CE78F0002FC58 /* SpotViewController.swift in Sources */,
				8594E6291D980FE300C9ED42 /* SessionTableViewCell.swift in Sources */,
				85E4BB711E47282F0019997A /* SpotTableViewController.swift in Sources */,
				8594E62B1D98462700C9ED42 /* SessionTableViewController.swift in Sources */,
				8594E6271D98085600C9ED42 /* Session.swift in Sources */,
				85B7773D1E3F20D80063C3D4 /* Spot.swift in Sources */,
				85C2E3981D70995900A27D46 /* RatingControl.swift in Sources */,
				855ACE331D5B4F56006E9F19 /* SessionViewController.swift in Sources */,
				85B7773F1E40756C0063C3D4 /* SpotTableViewCell.swift in Sources */,
				855ACE391D5B4F56006E9F19 /* SurfTracker.xcdatamodeld in Sources */,
				855ACE311D5B4F56006E9F19 /* AppDelegate.swift in Sources */,
			);
			runOnlyForDeploymentPostprocessing = 0;
		};
		855ACE401D5B4F56006E9F19 /* Sources */ = {
			isa = PBXSourcesBuildPhase;
			buildActionMask = 2147483647;
			files = (
				855ACE491D5B4F56006E9F19 /* SurfTrackerTests.swift in Sources */,
			);
			runOnlyForDeploymentPostprocessing = 0;
		};
/* End PBXSourcesBuildPhase section */

/* Begin PBXTargetDependency section */
		855ACE461D5B4F56006E9F19 /* PBXTargetDependency */ = {
			isa = PBXTargetDependency;
			target = 855ACE2C1D5B4F56006E9F19 /* SurfTracker */;
			targetProxy = 855ACE451D5B4F56006E9F19 /* PBXContainerItemProxy */;
		};
/* End PBXTargetDependency section */

/* Begin PBXVariantGroup section */
		855ACE341D5B4F56006E9F19 /* Main.storyboard */ = {
			isa = PBXVariantGroup;
			children = (
				855ACE351D5B4F56006E9F19 /* Base */,
			);
			name = Main.storyboard;
			sourceTree = "<group>";
		};
		855ACE3C1D5B4F56006E9F19 /* LaunchScreen.storyboard */ = {
			isa = PBXVariantGroup;
			children = (
				855ACE3D1D5B4F56006E9F19 /* Base */,
			);
			name = LaunchScreen.storyboard;
			sourceTree = "<group>";
		};
/* End PBXVariantGroup section */

/* Begin XCBuildConfiguration section */
		855ACE4B1D5B4F56006E9F19 /* Debug */ = {
			isa = XCBuildConfiguration;
			buildSettings = {
				ALWAYS_SEARCH_USER_PATHS = NO;
				CLANG_ANALYZER_NONNULL = YES;
				CLANG_CXX_LANGUAGE_STANDARD = "gnu++0x";
				CLANG_CXX_LIBRARY = "libc++";
				CLANG_ENABLE_MODULES = YES;
				CLANG_ENABLE_OBJC_ARC = YES;
				CLANG_WARN_BOOL_CONVERSION = YES;
				CLANG_WARN_CONSTANT_CONVERSION = YES;
				CLANG_WARN_DIRECT_OBJC_ISA_USAGE = YES_ERROR;
				CLANG_WARN_EMPTY_BODY = YES;
				CLANG_WARN_ENUM_CONVERSION = YES;
				CLANG_WARN_INFINITE_RECURSION = YES;
				CLANG_WARN_INT_CONVERSION = YES;
				CLANG_WARN_OBJC_ROOT_CLASS = YES_ERROR;
				CLANG_WARN_SUSPICIOUS_MOVE = YES;
				CLANG_WARN_UNREACHABLE_CODE = YES;
				CLANG_WARN__DUPLICATE_METHOD_MATCH = YES;
				"CODE_SIGN_IDENTITY[sdk=iphoneos*]" = "iPhone Developer";
				COPY_PHASE_STRIP = NO;
				DEBUG_INFORMATION_FORMAT = dwarf;
				ENABLE_STRICT_OBJC_MSGSEND = YES;
				ENABLE_TESTABILITY = YES;
				GCC_C_LANGUAGE_STANDARD = gnu99;
				GCC_DYNAMIC_NO_PIC = NO;
				GCC_NO_COMMON_BLOCKS = YES;
				GCC_OPTIMIZATION_LEVEL = 0;
				GCC_PREPROCESSOR_DEFINITIONS = (
					"DEBUG=1",
					"$(inherited)",
				);
				GCC_WARN_64_TO_32_BIT_CONVERSION = YES;
				GCC_WARN_ABOUT_RETURN_TYPE = YES_ERROR;
				GCC_WARN_UNDECLARED_SELECTOR = YES;
				GCC_WARN_UNINITIALIZED_AUTOS = YES_AGGRESSIVE;
				GCC_WARN_UNUSED_FUNCTION = YES;
				GCC_WARN_UNUSED_VARIABLE = YES;
				IPHONEOS_DEPLOYMENT_TARGET = 9.3;
				MTL_ENABLE_DEBUG_INFO = YES;
				ONLY_ACTIVE_ARCH = YES;
				SDKROOT = iphoneos;
				SWIFT_OPTIMIZATION_LEVEL = "-Onone";
				TARGETED_DEVICE_FAMILY = "1,2";
			};
			name = Debug;
		};
		855ACE4C1D5B4F56006E9F19 /* Release */ = {
			isa = XCBuildConfiguration;
			buildSettings = {
				ALWAYS_SEARCH_USER_PATHS = NO;
				CLANG_ANALYZER_NONNULL = YES;
				CLANG_CXX_LANGUAGE_STANDARD = "gnu++0x";
				CLANG_CXX_LIBRARY = "libc++";
				CLANG_ENABLE_MODULES = YES;
				CLANG_ENABLE_OBJC_ARC = YES;
				CLANG_WARN_BOOL_CONVERSION = YES;
				CLANG_WARN_CONSTANT_CONVERSION = YES;
				CLANG_WARN_DIRECT_OBJC_ISA_USAGE = YES_ERROR;
				CLANG_WARN_EMPTY_BODY = YES;
				CLANG_WARN_ENUM_CONVERSION = YES;
				CLANG_WARN_INFINITE_RECURSION = YES;
				CLANG_WARN_INT_CONVERSION = YES;
				CLANG_WARN_OBJC_ROOT_CLASS = YES_ERROR;
				CLANG_WARN_SUSPICIOUS_MOVE = YES;
				CLANG_WARN_UNREACHABLE_CODE = YES;
				CLANG_WARN__DUPLICATE_METHOD_MATCH = YES;
				"CODE_SIGN_IDENTITY[sdk=iphoneos*]" = "iPhone Developer";
				COPY_PHASE_STRIP = NO;
				DEBUG_INFORMATION_FORMAT = "dwarf-with-dsym";
				ENABLE_NS_ASSERTIONS = NO;
				ENABLE_STRICT_OBJC_MSGSEND = YES;
				GCC_C_LANGUAGE_STANDARD = gnu99;
				GCC_NO_COMMON_BLOCKS = YES;
				GCC_WARN_64_TO_32_BIT_CONVERSION = YES;
				GCC_WARN_ABOUT_RETURN_TYPE = YES_ERROR;
				GCC_WARN_UNDECLARED_SELECTOR = YES;
				GCC_WARN_UNINITIALIZED_AUTOS = YES_AGGRESSIVE;
				GCC_WARN_UNUSED_FUNCTION = YES;
				GCC_WARN_UNUSED_VARIABLE = YES;
				IPHONEOS_DEPLOYMENT_TARGET = 9.3;
				MTL_ENABLE_DEBUG_INFO = NO;
				SDKROOT = iphoneos;
				SWIFT_OPTIMIZATION_LEVEL = "-Owholemodule";
				TARGETED_DEVICE_FAMILY = "1,2";
				VALIDATE_PRODUCT = YES;
			};
			name = Release;
		};
		855ACE4E1D5B4F56006E9F19 /* Debug */ = {
			isa = XCBuildConfiguration;
			baseConfigurationReference = CAD4AC04BAA34601CB36D620 /* Pods-SurfTracker.debug.xcconfig */;
			buildSettings = {
				ASSETCATALOG_COMPILER_APPICON_NAME = AppIcon;
				INFOPLIST_FILE = SurfTracker/Info.plist;
				LD_RUNPATH_SEARCH_PATHS = "$(inherited) @executable_path/Frameworks";
				PRODUCT_BUNDLE_IDENTIFIER = net.brassil.SurfTracker;
				PRODUCT_NAME = "$(TARGET_NAME)";
				SWIFT_VERSION = 3.0;
			};
			name = Debug;
		};
		855ACE4F1D5B4F56006E9F19 /* Release */ = {
			isa = XCBuildConfiguration;
			baseConfigurationReference = 44C4C054F6A78023B7B90361 /* Pods-SurfTracker.release.xcconfig */;
			buildSettings = {
				ASSETCATALOG_COMPILER_APPICON_NAME = AppIcon;
				INFOPLIST_FILE = SurfTracker/Info.plist;
				LD_RUNPATH_SEARCH_PATHS = "$(inherited) @executable_path/Frameworks";
				PRODUCT_BUNDLE_IDENTIFIER = net.brassil.SurfTracker;
				PRODUCT_NAME = "$(TARGET_NAME)";
				SWIFT_VERSION = 3.0;
			};
			name = Release;
		};
		855ACE511D5B4F56006E9F19 /* Debug */ = {
			isa = XCBuildConfiguration;
			baseConfigurationReference = 8DE60190242E6B9FF1B6510C /* Pods-SurfTrackerTests.debug.xcconfig */;
			buildSettings = {
				BUNDLE_LOADER = "$(TEST_HOST)";
				INFOPLIST_FILE = SurfTrackerTests/Info.plist;
				LD_RUNPATH_SEARCH_PATHS = "$(inherited) @executable_path/Frameworks @loader_path/Frameworks";
				PRODUCT_BUNDLE_IDENTIFIER = net.brassil.SurfTrackerTests;
				PRODUCT_NAME = "$(TARGET_NAME)";
				SWIFT_VERSION = 3.0;
				TEST_HOST = "$(BUILT_PRODUCTS_DIR)/SurfTracker.app/SurfTracker";
			};
			name = Debug;
		};
		855ACE521D5B4F56006E9F19 /* Release */ = {
			isa = XCBuildConfiguration;
			baseConfigurationReference = E63EAC7F11C6107AFACC8CEC /* Pods-SurfTrackerTests.release.xcconfig */;
			buildSettings = {
				BUNDLE_LOADER = "$(TEST_HOST)";
				INFOPLIST_FILE = SurfTrackerTests/Info.plist;
				LD_RUNPATH_SEARCH_PATHS = "$(inherited) @executable_path/Frameworks @loader_path/Frameworks";
				PRODUCT_BUNDLE_IDENTIFIER = net.brassil.SurfTrackerTests;
				PRODUCT_NAME = "$(TARGET_NAME)";
				SWIFT_VERSION = 3.0;
				TEST_HOST = "$(BUILT_PRODUCTS_DIR)/SurfTracker.app/SurfTracker";
			};
			name = Release;
		};
/* End XCBuildConfiguration section */

/* Begin XCConfigurationList section */
		855ACE281D5B4F56006E9F19 /* Build configuration list for PBXProject "SurfTracker" */ = {
			isa = XCConfigurationList;
			buildConfigurations = (
				855ACE4B1D5B4F56006E9F19 /* Debug */,
				855ACE4C1D5B4F56006E9F19 /* Release */,
			);
			defaultConfigurationIsVisible = 0;
			defaultConfigurationName = Release;
		};
		855ACE4D1D5B4F56006E9F19 /* Build configuration list for PBXNativeTarget "SurfTracker" */ = {
			isa = XCConfigurationList;
			buildConfigurations = (
				855ACE4E1D5B4F56006E9F19 /* Debug */,
				855ACE4F1D5B4F56006E9F19 /* Release */,
			);
			defaultConfigurationIsVisible = 0;
			defaultConfigurationName = Release;
		};
		855ACE501D5B4F56006E9F19 /* Build configuration list for PBXNativeTarget "SurfTrackerTests" */ = {
			isa = XCConfigurationList;
			buildConfigurations = (
				855ACE511D5B4F56006E9F19 /* Debug */,
				855ACE521D5B4F56006E9F19 /* Release */,
			);
			defaultConfigurationIsVisible = 0;
			defaultConfigurationName = Release;
		};
/* End XCConfigurationList section */

/* Begin XCVersionGroup section */
		855ACE371D5B4F56006E9F19 /* SurfTracker.xcdatamodeld */ = {
			isa = XCVersionGroup;
			children = (
				855ACE381D5B4F56006E9F19 /* SurfTracker.xcdatamodel */,
			);
			currentVersion = 855ACE381D5B4F56006E9F19 /* SurfTracker.xcdatamodel */;
			path = SurfTracker.xcdatamodeld;
			sourceTree = "<group>";
			versionGroupType = wrapper.xcdatamodel;
		};
/* End XCVersionGroup section */
	};
	rootObject = 855ACE251D5B4F56006E9F19 /* Project object */;
}
